
Microsoft Visual Studio Solution File, Format Version 12.00
# Visual Studio Version 17
VisualStudioVersion = 17.2.32602.215
MinimumVisualStudioVersion = 10.0.40219.1
Project("{FAE04EC0-301F-11D3-BF4B-00C04F79EFBC}") = "RealEstateManagmentSystem", "RealEstateManagmentSystem\RealEstateManagmentSystem.csproj", "{1C9ABE5C-9987-4B4F-BF3D-EA2C8060E54B}"
EndProject
Global
	GlobalSection(SolutionConfigurationPlatforms) = preSolution
		Debug|Any CPU = Debug|Any CPU
		Release|Any CPU = Release|Any CPU
	EndGlobalSection
	GlobalSection(ProjectConfigurationPlatforms) = postSolution
		{1C9ABE5C-9987-4B4F-BF3D-EA2C8060E54B}.Debug|Any CPU.ActiveCfg = Debug|Any CPU
		{1C9ABE5C-9987-4B4F-BF3D-EA2C8060E54B}.Debug|Any CPU.Build.0 = Debug|Any CPU
		{1C9ABE5C-9987-4B4F-BF3D-EA2C8060E54B}.Release|Any CPU.ActiveCfg = Release|Any CPU
		{1C9ABE5C-9987-4B4F-BF3D-EA2C8060E54B}.Release|Any CPU.Build.0 = Release|Any CPU
	EndGlobalSection
	GlobalSection(SolutionProperties) = preSolution
		HideSolutionNode = FALSE
	EndGlobalSection
	GlobalSection(ExtensibilityGlobals) = postSolution
		SolutionGuid = {09873E4F-8AE8-42AF-A803-2DE26C2A95B2}
	EndGlobalSection
EndGlobal
